
Microsoft Visual Studio Solution File, Format Version 12.00
# Visual Studio Version 17
VisualStudioVersion = 17.5.33516.290
MinimumVisualStudioVersion = 10.0.40219.1
Project("{9A19103F-16F7-4668-BE54-9A1E7A4F7556}") = "MyStore", "MyStore\MyStore.csproj", "{448FCD1B-CEF7-458C-9B07-1DCD8F47D8DA}"
EndProject
Global
	GlobalSection(SolutionConfigurationPlatforms) = preSolution
		Debug|Any CPU = Debug|Any CPU
		Release|Any CPU = Release|Any CPU
	EndGlobalSection
	GlobalSection(ProjectConfigurationPlatforms) = postSolution
		{448FCD1B-CEF7-458C-9B07-1DCD8F47D8DA}.Debug|Any CPU.ActiveCfg = Debug|Any CPU
		{448FCD1B-CEF7-458C-9B07-1DCD8F47D8DA}.Debug|Any CPU.Build.0 = Debug|Any CPU
		{448FCD1B-CEF7-458C-9B07-1DCD8F47D8DA}.Release|Any CPU.ActiveCfg = Release|Any CPU
		{448FCD1B-CEF7-458C-9B07-1DCD8F47D8DA}.Release|Any CPU.Build.0 = Release|Any CPU
	EndGlobalSection
	GlobalSection(SolutionProperties) = preSolution
		HideSolutionNode = FALSE
	EndGlobalSection
	GlobalSection(ExtensibilityGlobals) = postSolution
		SolutionGuid = {1B4FEC83-D70D-42B1-A72B-1385C13BE8EC}
	EndGlobalSection
EndGlobal
